// !$*UTF8*$!
{
	archiveVersion = 1;
	classes = {
	};
	objectVersion = 77;
	objects = {

/* Begin PBXBuildFile section */
		7E77366681351C1D17AF60A0 /* MeetingNotes.swift in Sources */ = {isa = PBXBuildFile; fileRef = E09494230512EF3241740F36 /* MeetingNotes.swift */; };
		68CE94D17A2B6DA61FCEEC80 /* MeetingNotes.swift in Sources */ = {isa = PBXBuildFile; fileRef = E09494230512EF3241740F36 /* MeetingNotes.swift */; };
		C07E53BDAC5D497CF979CCBE /* SmartPlanner.swift in Sources */ = {isa = PBXBuildFile; fileRef = 71055F0E5D33857DB26A3635 /* SmartPlanner.swift */; };
		6D15CCCB033D62D4186745F7 /* HealthSettingsView.swift in Sources */ = {isa = PBXBuildFile; fileRef = D4E29F781B3752D5E125F95E /* HealthSettingsView.swift */; };
		7E572EEBD4D11E75E1151CEC /* PhoneLink.swift in Sources */ = {isa = PBXBuildFile; fileRef = 97D330FAF5BD94A22EAA4AD1 /* PhoneLink.swift */; };
		7753FCDB2A6259A650C60C83 /* SetupWizard.swift in Sources */ = {isa = PBXBuildFile; fileRef = 573E04989084923B39144398 /* SetupWizard.swift */; };
		2FD658FA367EEFBE7D5306B4 /* InstalledAI.swift in Sources */ = {isa = PBXBuildFile; fileRef = 3C31F5F2B18F1A1BAE6B6118 /* InstalledAI.swift */; };
		D6762A7AEF76D140F372C195 /* ZuffiWalk.swift in Sources */ = {isa = PBXBuildFile; fileRef = CE0ECC89F3ED23B9BB78E2B1 /* ZuffiWalk.swift */; };
		6D51465A42D25FD952BCBCAE /* BizSync.swift in Sources */ = {isa = PBXBuildFile; fileRef = 1F538B3D8757803733A027CD /* BizSync.swift */; };
		B31877B64BD48C6DC1B0A65B /* ZuffiGlass.swift in Sources */ = {isa = PBXBuildFile; fileRef = 9E1E61E7C3FC27E33B885DC5 /* ZuffiGlass.swift */; };
		18D085FCB824294A1C83CE4D /* ZuffiProperty.swift in Sources */ = {isa = PBXBuildFile; fileRef = 1606B0E622B19FECE1B4AF87 /* ZuffiProperty.swift */; };
		44A536187F4278B9C33F9FA1 /* ZuffiMoney.swift in Sources */ = {isa = PBXBuildFile; fileRef = 25C89F78A9D31A3294FAEC82 /* ZuffiMoney.swift */; };
		7541E20736E4A65C97873322 /* BusinessDashboard.swift in Sources */ = {isa = PBXBuildFile; fileRef = 2092E9D8A35E5284B48E54C5 /* BusinessDashboard.swift */; };
		FFB0DB37723A0186B2367A3A /* ZuffiCRM.swift in Sources */ = {isa = PBXBuildFile; fileRef = 0DE2BBD615CCF09EBECAA3F5 /* ZuffiCRM.swift */; };
		B4462BEE3D6F79CBCD0705C1 /* ZuffiPA.swift in Sources */ = {isa = PBXBuildFile; fileRef = 717774D00C85758BFEBD88F1 /* ZuffiPA.swift */; };
		EDD7B5EEC60B0FD72CEF8F2D /* ZuffiTeam.swift in Sources */ = {isa = PBXBuildFile; fileRef = 97E58164047913821ED40C4C /* ZuffiTeam.swift */; };
		3B2E39A8528DEA2DDE046599 /* ZuffiBusiness.swift in Sources */ = {isa = PBXBuildFile; fileRef = 739140E6E4376D7A75563982 /* ZuffiBusiness.swift */; };
		AC59C5437013AE7D8A6778C3 /* ZuffiChat.swift in Sources */ = {isa = PBXBuildFile; fileRef = 94767A4A4F55DACF5A3A9B3A /* ZuffiChat.swift */; };
		2BC6855FE0E77E6A66BBEC55 /* ZuffiData.swift in Sources */ = {isa = PBXBuildFile; fileRef = 8CEAE5402E38BAEF0254F7AF /* ZuffiData.swift */; };
		9F1E5BAA7F72384AB3050800 /* ZuffiSpace.swift in Sources */ = {isa = PBXBuildFile; fileRef = 821FD7D855AC144D100DF6E7 /* ZuffiSpace.swift */; };
		7AD81119C638AF90374CC7C5 /* VoiceboxVoice.swift in Sources */ = {isa = PBXBuildFile; fileRef = 2C83981EC175538D8D9BBFA9 /* VoiceboxVoice.swift */; };
		ADF41286FC4E3EFF979C918D /* GlanceCards.swift in Sources */ = {isa = PBXBuildFile; fileRef = 0A2622A37C7E4ED1D660856F /* GlanceCards.swift */; };
		B5F5603FADFAF7637B8A3F76 /* AgentHub.swift in Sources */ = {isa = PBXBuildFile; fileRef = 2173290A0779D0438B90DD79 /* AgentHub.swift */; };
		587E9AD3034088D16BB8E0BE /* ZuffiAvatar.swift in Sources */ = {isa = PBXBuildFile; fileRef = AD254C6C6556BEB29CCAFB24 /* ZuffiAvatar.swift */; };
		679D07CD7A63DF433D3A40A3 /* ScreenAgent.swift in Sources */ = {isa = PBXBuildFile; fileRef = 753E5D0EDE9DF20E74B3C665 /* ScreenAgent.swift */; };
		EAD634B20DDEFE624E6EED6B /* HealthSettingsView.swift in Sources */ = {isa = PBXBuildFile; fileRef = D4E29F781B3752D5E125F95E /* HealthSettingsView.swift */; };
		BF6032E05D9F2A032063962A /* PhoneLink.swift in Sources */ = {isa = PBXBuildFile; fileRef = 97D330FAF5BD94A22EAA4AD1 /* PhoneLink.swift */; };
		EC9F164883A3250BB9FDDC35 /* SetupWizard.swift in Sources */ = {isa = PBXBuildFile; fileRef = 573E04989084923B39144398 /* SetupWizard.swift */; };
		AEE9FFFAAAD838DA5EB86EC0 /* InstalledAI.swift in Sources */ = {isa = PBXBuildFile; fileRef = 3C31F5F2B18F1A1BAE6B6118 /* InstalledAI.swift */; };
		D12BE8443642E6CC7641F7B0 /* ZuffiWalk.swift in Sources */ = {isa = PBXBuildFile; fileRef = CE0ECC89F3ED23B9BB78E2B1 /* ZuffiWalk.swift */; };
		744597F76CBD99C39D5CD244 /* BizSync.swift in Sources */ = {isa = PBXBuildFile; fileRef = 1F538B3D8757803733A027CD /* BizSync.swift */; };
		7A67483ABA930ED4C23F713C /* ZuffiGlass.swift in Sources */ = {isa = PBXBuildFile; fileRef = 9E1E61E7C3FC27E33B885DC5 /* ZuffiGlass.swift */; };
		C8CE92158A576F33E11C30C8 /* ZuffiProperty.swift in Sources */ = {isa = PBXBuildFile; fileRef = 1606B0E622B19FECE1B4AF87 /* ZuffiProperty.swift */; };
		9CCE6F985E8A5114BE5E3716 /* ZuffiMoney.swift in Sources */ = {isa = PBXBuildFile; fileRef = 25C89F78A9D31A3294FAEC82 /* ZuffiMoney.swift */; };
		2FB5A399507FA6742C2FBE7B /* BusinessDashboard.swift in Sources */ = {isa = PBXBuildFile; fileRef = 2092E9D8A35E5284B48E54C5 /* BusinessDashboard.swift */; };
		501AB0F0E7BE405A171DCB40 /* ZuffiCRM.swift in Sources */ = {isa = PBXBuildFile; fileRef = 0DE2BBD615CCF09EBECAA3F5 /* ZuffiCRM.swift */; };
		FA56646E78820C30FE1D3F62 /* ZuffiPA.swift in Sources */ = {isa = PBXBuildFile; fileRef = 717774D00C85758BFEBD88F1 /* ZuffiPA.swift */; };
		6587EA7F77348357577186EC /* ZuffiTeam.swift in Sources */ = {isa = PBXBuildFile; fileRef = 97E58164047913821ED40C4C /* ZuffiTeam.swift */; };
		932F207B3C026B1E561994ED /* ZuffiBusiness.swift in Sources */ = {isa = PBXBuildFile; fileRef = 739140E6E4376D7A75563982 /* ZuffiBusiness.swift */; };
		5BF6CD47942E5D95EACD4528 /* ZuffiChat.swift in Sources */ = {isa = PBXBuildFile; fileRef = 94767A4A4F55DACF5A3A9B3A /* ZuffiChat.swift */; };
		069B8B03C5BD725C4F89C3FC /* ZuffiData.swift in Sources */ = {isa = PBXBuildFile; fileRef = 8CEAE5402E38BAEF0254F7AF /* ZuffiData.swift */; };
		32ADC66D5EF72B39940D4DB8 /* ZuffiSpace.swift in Sources */ = {isa = PBXBuildFile; fileRef = 821FD7D855AC144D100DF6E7 /* ZuffiSpace.swift */; };
		2FDAD2248E77D906F7B1DD57 /* VoiceboxVoice.swift in Sources */ = {isa = PBXBuildFile; fileRef = 2C83981EC175538D8D9BBFA9 /* VoiceboxVoice.swift */; };
		4F8011BF5E9C917350365842 /* GlanceCards.swift in Sources */ = {isa = PBXBuildFile; fileRef = 0A2622A37C7E4ED1D660856F /* GlanceCards.swift */; };
		D1541F6D8124AC10A3EDCDF2 /* AgentHub.swift in Sources */ = {isa = PBXBuildFile; fileRef = 2173290A0779D0438B90DD79 /* AgentHub.swift */; };
		9C1DDF378068DC15D468D863 /* ZuffiAvatar.swift in Sources */ = {isa = PBXBuildFile; fileRef = AD254C6C6556BEB29CCAFB24 /* ZuffiAvatar.swift */; };
		7FCD6C311D82B57466309C9B /* ScreenAgent.swift in Sources */ = {isa = PBXBuildFile; fileRef = 753E5D0EDE9DF20E74B3C665 /* ScreenAgent.swift */; };
		2D3AF78DCCDF91C75694D4F6 /* SparrowSprite.swift in Sources */ = {isa = PBXBuildFile; fileRef = E10880C30B417627900CDFBF /* SparrowSprite.swift */; };
		4AABC4FB27EE7F4E4928FA0C /* SparrowSprite.swift in Sources */ = {isa = PBXBuildFile; fileRef = E10880C30B417627900CDFBF /* SparrowSprite.swift */; };
		0BC07A6C61B0D278B2189061 /* LiveSession.swift in Sources */ = {isa = PBXBuildFile; fileRef = FA89CBF823F723D8E86288AB /* LiveSession.swift */; };
		2B0E1B1399E8949DA8905A93 /* LiveSession.swift in Sources */ = {isa = PBXBuildFile; fileRef = FA89CBF823F723D8E86288AB /* LiveSession.swift */; };
		159E9C7CB57BA4D1F32B6E5F /* WhatsAppAgent.swift in Sources */ = {isa = PBXBuildFile; fileRef = 727C958363811479852448FF /* WhatsAppAgent.swift */; };
		D54CC8651AE59E921AE931ED /* WhatsAppAgent.swift in Sources */ = {isa = PBXBuildFile; fileRef = 727C958363811479852448FF /* WhatsAppAgent.swift */; };
		5928D57313A745CD1D82973A /* MailAgent.swift in Sources */ = {isa = PBXBuildFile; fileRef = 8D1ED5EDA63B0412CD52234A /* MailAgent.swift */; };
		80A55571D1A38A4C23AF237A /* MailAgent.swift in Sources */ = {isa = PBXBuildFile; fileRef = 8D1ED5EDA63B0412CD52234A /* MailAgent.swift */; };
		C36B064F9F1187AF1D810E74 /* SmartPlanner.swift in Sources */ = {isa = PBXBuildFile; fileRef = 71055F0E5D33857DB26A3635 /* SmartPlanner.swift */; };
		16CF2A91F191A8DB00D4A4FF /* NetStatus.swift in Sources */ = {isa = PBXBuildFile; fileRef = C705035F81568D3A64CB2907 /* NetStatus.swift */; };
		7A51D4595B97D84CFFB4215B /* NetStatus.swift in Sources */ = {isa = PBXBuildFile; fileRef = C705035F81568D3A64CB2907 /* NetStatus.swift */; };
		5CED2C1E919A02CE9D0C4EC8 /* MemoryStore.swift in Sources */ = {isa = PBXBuildFile; fileRef = 5CBBF5A6891B36387EE6D8CA /* MemoryStore.swift */; };
		1EC9131DAFB67F0087AD337A /* MemoryStore.swift in Sources */ = {isa = PBXBuildFile; fileRef = 5CBBF5A6891B36387EE6D8CA /* MemoryStore.swift */; };
		EABF2E8DBC8390D81E0763AE /* BackgroundKeeper.swift in Sources */ = {isa = PBXBuildFile; fileRef = 2A6F28D209FEE7CAF9AE7EEE /* BackgroundKeeper.swift */; };
		B975247446E237C4D9B09761 /* BackgroundKeeper.swift in Sources */ = {isa = PBXBuildFile; fileRef = 2A6F28D209FEE7CAF9AE7EEE /* BackgroundKeeper.swift */; };
		A6B4032D0A0F7B797FAF8A35 /* HoldToTalk.swift in Sources */ = {isa = PBXBuildFile; fileRef = 1E9D1912DEACDD585C7DE67D /* HoldToTalk.swift */; };
		0A98A5526DF2A3F5A3D3DE54 /* HoldToTalk.swift in Sources */ = {isa = PBXBuildFile; fileRef = 1E9D1912DEACDD585C7DE67D /* HoldToTalk.swift */; };
		89FDA1AE9EA7D5FA6AD4F948 /* MacControl.swift in Sources */ = {isa = PBXBuildFile; fileRef = 224F911E451BBDC7247806C7 /* MacControl.swift */; };
		6B967334DDA2C838803545F8 /* MacControl.swift in Sources */ = {isa = PBXBuildFile; fileRef = 224F911E451BBDC7247806C7 /* MacControl.swift */; };
		204C2226DB2872371B073856 /* SparrowHome.swift in Sources */ = {isa = PBXBuildFile; fileRef = 2B408434DFFEB4DD672F879D /* SparrowHome.swift */; };
		56C2E4D1FA68D445B493363B /* SparrowHome.swift in Sources */ = {isa = PBXBuildFile; fileRef = 2B408434DFFEB4DD672F879D /* SparrowHome.swift */; };
		ECEC694263668830BBD68EB2 /* NativeSpeech.swift in Sources */ = {isa = PBXBuildFile; fileRef = B77091C717DACBACC21C450F /* NativeSpeech.swift */; };
		BF45817AD497779E4A6B317F /* NativeSpeech.swift in Sources */ = {isa = PBXBuildFile; fileRef = B77091C717DACBACC21C450F /* NativeSpeech.swift */; };
		E902FF590DA9DB3ACF4AB038 /* AgentRouter.swift in Sources */ = {isa = PBXBuildFile; fileRef = 96BE0EF865BAAA699BC7DCD0 /* AgentRouter.swift */; };
		CA8D0C5E4184609464D0EA75 /* AgentRouter.swift in Sources */ = {isa = PBXBuildFile; fileRef = 96BE0EF865BAAA699BC7DCD0 /* AgentRouter.swift */; };
		284E31A5C9C487575A38B96A /* WebHub.swift in Sources */ = {isa = PBXBuildFile; fileRef = F509572E5EA0BB745FA4AFD4 /* WebHub.swift */; };
		9DFB2633F5AD50BA695216BD /* WebHub.swift in Sources */ = {isa = PBXBuildFile; fileRef = F509572E5EA0BB745FA4AFD4 /* WebHub.swift */; };
		290E13B34EA35C0759CD5712 /* Routine.swift in Sources */ = {isa = PBXBuildFile; fileRef = A77EA4F53961DA07F28353A7 /* Routine.swift */; };
		F6BB73D7FB79D4E70E590030 /* Routine.swift in Sources */ = {isa = PBXBuildFile; fileRef = A77EA4F53961DA07F28353A7 /* Routine.swift */; };
		3870CDDBE7FD0B52E03F0D74 /* Companion.swift in Sources */ = {isa = PBXBuildFile; fileRef = 0D6699F1646F2B5C36FEE62B /* Companion.swift */; };
		6CB0F6E940E2FAA5E08E7524 /* Companion.swift in Sources */ = {isa = PBXBuildFile; fileRef = 0D6699F1646F2B5C36FEE62B /* Companion.swift */; };
		E47CF92ACF8E6353D3AB310D /* DailyRoutine.swift in Sources */ = {isa = PBXBuildFile; fileRef = 11AA53680D71ED066F205413 /* DailyRoutine.swift */; };
		44B66F88018E1F37014890D2 /* DailyRoutine.swift in Sources */ = {isa = PBXBuildFile; fileRef = 11AA53680D71ED066F205413 /* DailyRoutine.swift */; };
		C80B3AC6EECA8453AC73E80C /* Shortcuts.swift in Sources */ = {isa = PBXBuildFile; fileRef = 4168D597AFAE26F62A2D6EE3 /* Shortcuts.swift */; };
		9FE8E36CFE013BEE853CAC1E /* Shortcuts.swift in Sources */ = {isa = PBXBuildFile; fileRef = 4168D597AFAE26F62A2D6EE3 /* Shortcuts.swift */; };
		6F0431677C32FEB395CE9B48 /* Assistant.swift in Sources */ = {isa = PBXBuildFile; fileRef = 786C120AD9FDFB99A76AABD0 /* Assistant.swift */; };
		B3F08A622C38C86275B57A7D /* Assistant.swift in Sources */ = {isa = PBXBuildFile; fileRef = 786C120AD9FDFB99A76AABD0 /* Assistant.swift */; };
		727F70F55A03155C5D9244D7 /* CommandEngine.swift in Sources */ = {isa = PBXBuildFile; fileRef = EA09B6A9D58957F00818744D /* CommandEngine.swift */; };
		1A9C3A9DE10DEFD2BE40ABD6 /* CommandEngine.swift in Sources */ = {isa = PBXBuildFile; fileRef = EA09B6A9D58957F00818744D /* CommandEngine.swift */; };
		CB26029664EA9CAF34D396A9 /* AIService.swift in Sources */ = {isa = PBXBuildFile; fileRef = 379B6F8C0CB96516B04B887F /* AIService.swift */; };
		3B81E61684C44EFBF7761A63 /* AIService.swift in Sources */ = {isa = PBXBuildFile; fileRef = 379B6F8C0CB96516B04B887F /* AIService.swift */; };
		0329E76BA4A8FEEA8A6D76E7 /* ClaudeService.swift in Sources */ = {isa = PBXBuildFile; fileRef = A83D5410BD030B243ADDCFF4 /* ClaudeService.swift */; };
		065FCE817315454DE3F85F25 /* IslandViewContent.swift in Sources */ = {isa = PBXBuildFile; fileRef = FA02B08886939FF6FE0475DD /* IslandViewContent.swift */; };
		06BF5FD95E03010CAFDBF2D0 /* NotchBuddyApp.swift in Sources */ = {isa = PBXBuildFile; fileRef = F1BD8F3CAA60CF37640759E1 /* NotchBuddyApp.swift */; };
		091EC3B2F1060D7EE1317E4E /* IslandWindowController.swift in Sources */ = {isa = PBXBuildFile; fileRef = D710BD7834228045869D0184 /* IslandWindowController.swift */; };
		0D68A4C4E3422487DB7B2262 /* IslandScreenGeometry.swift in Sources */ = {isa = PBXBuildFile; fileRef = 78BC1357785CA1B099A33969 /* IslandScreenGeometry.swift */; };
		0E9CE475EC53C67DAB00F8E5 /* BotEngine.swift in Sources */ = {isa = PBXBuildFile; fileRef = D4540F630F8BA04AFFFA3979 /* BotEngine.swift */; };
		186AB8904029767DAA5277CF /* IslandScreenGeometry.swift in Sources */ = {isa = PBXBuildFile; fileRef = 78BC1357785CA1B099A33969 /* IslandScreenGeometry.swift */; };
		1F11EC4E6F604C612A1ADAD1 /* AppState.swift in Sources */ = {isa = PBXBuildFile; fileRef = C2E4F18AA940EFF7E047B9F7 /* AppState.swift */; };
		2132477000FD77F7EB234DAA /* FileDropView.swift in Sources */ = {isa = PBXBuildFile; fileRef = 3232F258523DD8D09B670363 /* FileDropView.swift */; };
		2875610F701376BD65573386 /* WindowContextCapture.swift in Sources */ = {isa = PBXBuildFile; fileRef = E91B733ADC638E14E9BB6EFA /* WindowContextCapture.swift */; };
		2CC2E3B688B15BBEB3AE3BCE /* WindowContextCapture.swift in Sources */ = {isa = PBXBuildFile; fileRef = E91B733ADC638E14E9BB6EFA /* WindowContextCapture.swift */; };
		2DEB459FBD0BA3CEAAA5FDE9 /* ClaudeService.swift in Sources */ = {isa = PBXBuildFile; fileRef = A83D5410BD030B243ADDCFF4 /* ClaudeService.swift */; };
		3756B7E1A55D9CEC8C4D34A4 /* IslandStateMachine.swift in Sources */ = {isa = PBXBuildFile; fileRef = D8212018F09EA1E96FBD63CD /* IslandStateMachine.swift */; };
		3F19756A396F125EC711247F /* IslandTypes.swift in Sources */ = {isa = PBXBuildFile; fileRef = 8D3CE3617E9D336DDBA10F7A /* IslandTypes.swift */; };
		4117E7C8AA231AAE36E7509D /* UploadCanvasView.swift in Sources */ = {isa = PBXBuildFile; fileRef = B241B043223AFBBFB7418A5E /* UploadCanvasView.swift */; };
		4B6AC00F22EC75E90E0157D5 /* AppLog.swift in Sources */ = {isa = PBXBuildFile; fileRef = 9F6D7015D6A77AA59323C0E7 /* AppLog.swift */; };
		56BE8C733F10A030A638FB60 /* SettingsView.swift in Sources */ = {isa = PBXBuildFile; fileRef = 7C1A7D5CBE2AC084A10C5FF3 /* SettingsView.swift */; };
		5B9A00AFB0837731FA678E4E /* IslandStateMachine.swift in Sources */ = {isa = PBXBuildFile; fileRef = D8212018F09EA1E96FBD63CD /* IslandStateMachine.swift */; };
		60E361FFE84C387E5E3ED1AA /* SoundEngine.swift in Sources */ = {isa = PBXBuildFile; fileRef = 1BE21C2B315D37AA70ED45E9 /* SoundEngine.swift */; };
		61CB7049490F61CFA1B36B64 /* AppLog.swift in Sources */ = {isa = PBXBuildFile; fileRef = 9F6D7015D6A77AA59323C0E7 /* AppLog.swift */; };
		61F73B27A7E3AFF584B2CC22 /* AppState.swift in Sources */ = {isa = PBXBuildFile; fileRef = C2E4F18AA940EFF7E047B9F7 /* AppState.swift */; };
		62C4EE3F74DAA59764729E62 /* UploadCanvasView.swift in Sources */ = {isa = PBXBuildFile; fileRef = B241B043223AFBBFB7418A5E /* UploadCanvasView.swift */; };
		651FA3F09608DE5D02D61CCE /* BotCanvasView.swift in Sources */ = {isa = PBXBuildFile; fileRef = A29F4C0B02BE91654D02AA0C /* BotCanvasView.swift */; };
		68A950E3C23FD612639D9776 /* IslandViewContent.swift in Sources */ = {isa = PBXBuildFile; fileRef = FA02B08886939FF6FE0475DD /* IslandViewContent.swift */; };
		6FC65C190ED614C664C9BC17 /* SafeWebURL.swift in Sources */ = {isa = PBXBuildFile; fileRef = B2FDED98F7F6C755A72C97A3 /* SafeWebURL.swift */; };
		78B3C6814431B2DD9D1F4949 /* SoundEngine.swift in Sources */ = {isa = PBXBuildFile; fileRef = 1BE21C2B315D37AA70ED45E9 /* SoundEngine.swift */; };
		878924960FC0F2B3524D48AC /* AppDelegate.swift in Sources */ = {isa = PBXBuildFile; fileRef = 192844E7299DEED5C2372067 /* AppDelegate.swift */; };
		8D1C01F283FA7806119A1C85 /* SettingsView.swift in Sources */ = {isa = PBXBuildFile; fileRef = 7C1A7D5CBE2AC084A10C5FF3 /* SettingsView.swift */; };
		B3EC9CF3C8BD629C3530E8F1 /* sounds in Resources */ = {isa = PBXBuildFile; fileRef = C066E2B991AA4F56B2724263 /* sounds */; };
		1AEF2BD3810B753947F0218E /* agents in Resources */ = {isa = PBXBuildFile; fileRef = 911B368FBBDFB4104197D3BD /* agents */; };
		A1B2C3D4E5F60718293A4B01 /* web in Resources */ = {isa = PBXBuildFile; fileRef = A1B2C3D4E5F60718293A4B00 /* web */; };
		A1B2C3D4E5F60718293A4B11 /* studio in Resources */ = {isa = PBXBuildFile; fileRef = A1B2C3D4E5F60718293A4B10 /* studio */; };
		A1B2C3D4E5F60718293A4B21 /* speech in Resources */ = {isa = PBXBuildFile; fileRef = A1B2C3D4E5F60718293A4B20 /* speech */; };
		A1B2C3D4E5F60718293A4B22 /* speech in Resources */ = {isa = PBXBuildFile; fileRef = A1B2C3D4E5F60718293A4B20 /* speech */; };
		A1B2C3D4E5F60718293A4B12 /* studio in Resources */ = {isa = PBXBuildFile; fileRef = A1B2C3D4E5F60718293A4B10 /* studio */; };
		A1B2C3D4E5F60718293A4B02 /* web in Resources */ = {isa = PBXBuildFile; fileRef = A1B2C3D4E5F60718293A4B00 /* web */; };
		B605F976F4141435F27CF266 /* IslandRootView.swift in Sources */ = {isa = PBXBuildFile; fileRef = 15A1A8206F73376F4CAF2057 /* IslandRootView.swift */; };
		C24D863967D8D32D828ED4B1 /* BotEngine.swift in Sources */ = {isa = PBXBuildFile; fileRef = D4540F630F8BA04AFFFA3979 /* BotEngine.swift */; };
		C61DDE2EC5FDDB39E4AA3B34 /* IslandWindowController.swift in Sources */ = {isa = PBXBuildFile; fileRef = D710BD7834228045869D0184 /* IslandWindowController.swift */; };
		C940B651C6CA952D99388E04 /* AppDelegate.swift in Sources */ = {isa = PBXBuildFile; fileRef = 192844E7299DEED5C2372067 /* AppDelegate.swift */; };
		CA3321C14A11FED94E48B3E3 /* IslandRootView.swift in Sources */ = {isa = PBXBuildFile; fileRef = 15A1A8206F73376F4CAF2057 /* IslandRootView.swift */; };
		CD8DECA66B9E09C97E469DB9 /* BotCanvasView.swift in Sources */ = {isa = PBXBuildFile; fileRef = A29F4C0B02BE91654D02AA0C /* BotCanvasView.swift */; };
		D82E93014C8087AE81511E40 /* IslandTypes.swift in Sources */ = {isa = PBXBuildFile; fileRef = 8D3CE3617E9D336DDBA10F7A /* IslandTypes.swift */; };
		DCAC390FF9EC65B945A15B24 /* Assets.xcassets in Resources */ = {isa = PBXBuildFile; fileRef = 506824380E9C80B9BC6DCE72 /* Assets.xcassets */; };
		DE05D09A32117582AC93A24A /* NotchBuddyApp.swift in Sources */ = {isa = PBXBuildFile; fileRef = F1BD8F3CAA60CF37640759E1 /* NotchBuddyApp.swift */; };
		E776C7D1DE5C62EA8D4BA3E3 /* FileDropView.swift in Sources */ = {isa = PBXBuildFile; fileRef = 3232F258523DD8D09B670363 /* FileDropView.swift */; };
		ECECA2F225E82B7C951658D7 /* UploadSequenceEngine.swift in Sources */ = {isa = PBXBuildFile; fileRef = 6FD65943C32E150F1CD65C31 /* UploadSequenceEngine.swift */; };
		F06EE0A97CB77096A337AA8B /* sounds in Resources */ = {isa = PBXBuildFile; fileRef = C066E2B991AA4F56B2724263 /* sounds */; };
		55F9857087212A6A88CE6EBD /* agents in Resources */ = {isa = PBXBuildFile; fileRef = 911B368FBBDFB4104197D3BD /* agents */; };
		FAD78D74C6906D4EC8AA4101 /* UploadSequenceEngine.swift in Sources */ = {isa = PBXBuildFile; fileRef = 6FD65943C32E150F1CD65C31 /* UploadSequenceEngine.swift */; };
		FBBC4CDE82B5886A83A27D7A /* Assets.xcassets in Resources */ = {isa = PBXBuildFile; fileRef = 506824380E9C80B9BC6DCE72 /* Assets.xcassets */; };
		FEFEF1EBAB0E6CA74A33C10B /* SafeWebURL.swift in Sources */ = {isa = PBXBuildFile; fileRef = B2FDED98F7F6C755A72C97A3 /* SafeWebURL.swift */; };
/* End PBXBuildFile section */

/* Begin PBXFileReference section */
		E09494230512EF3241740F36 /* MeetingNotes.swift */ = {isa = PBXFileReference; lastKnownFileType = sourcecode.swift; path = MeetingNotes.swift; sourceTree = "<group>"; };
		8D1ED5EDA63B0412CD52234A /* MailAgent.swift */ = {isa = PBXFileReference; lastKnownFileType = sourcecode.swift; path = MailAgent.swift; sourceTree = "<group>"; };
		727C958363811479852448FF /* WhatsAppAgent.swift */ = {isa = PBXFileReference; lastKnownFileType = sourcecode.swift; path = WhatsAppAgent.swift; sourceTree = "<group>"; };
		FA89CBF823F723D8E86288AB /* LiveSession.swift */ = {isa = PBXFileReference; lastKnownFileType = sourcecode.swift; path = LiveSession.swift; sourceTree = "<group>"; };
		E10880C30B417627900CDFBF /* SparrowSprite.swift */ = {isa = PBXFileReference; lastKnownFileType = sourcecode.swift; path = SparrowSprite.swift; sourceTree = "<group>"; };
		D4E29F781B3752D5E125F95E /* HealthSettingsView.swift */ = {isa = PBXFileReference; lastKnownFileType = sourcecode.swift; path = HealthSettingsView.swift; sourceTree = "<group>"; };
		97D330FAF5BD94A22EAA4AD1 /* PhoneLink.swift */ = {isa = PBXFileReference; lastKnownFileType = sourcecode.swift; path = PhoneLink.swift; sourceTree = "<group>"; };
		573E04989084923B39144398 /* SetupWizard.swift */ = {isa = PBXFileReference; lastKnownFileType = sourcecode.swift; path = SetupWizard.swift; sourceTree = "<group>"; };
		3C31F5F2B18F1A1BAE6B6118 /* InstalledAI.swift */ = {isa = PBXFileReference; lastKnownFileType = sourcecode.swift; path = InstalledAI.swift; sourceTree = "<group>"; };
		CE0ECC89F3ED23B9BB78E2B1 /* ZuffiWalk.swift */ = {isa = PBXFileReference; lastKnownFileType = sourcecode.swift; path = ZuffiWalk.swift; sourceTree = "<group>"; };
		1F538B3D8757803733A027CD /* BizSync.swift */ = {isa = PBXFileReference; lastKnownFileType = sourcecode.swift; path = BizSync.swift; sourceTree = "<group>"; };
		9E1E61E7C3FC27E33B885DC5 /* ZuffiGlass.swift */ = {isa = PBXFileReference; lastKnownFileType = sourcecode.swift; path = ZuffiGlass.swift; sourceTree = "<group>"; };
		1606B0E622B19FECE1B4AF87 /* ZuffiProperty.swift */ = {isa = PBXFileReference; lastKnownFileType = sourcecode.swift; path = ZuffiProperty.swift; sourceTree = "<group>"; };
		25C89F78A9D31A3294FAEC82 /* ZuffiMoney.swift */ = {isa = PBXFileReference; lastKnownFileType = sourcecode.swift; path = ZuffiMoney.swift; sourceTree = "<group>"; };
		2092E9D8A35E5284B48E54C5 /* BusinessDashboard.swift */ = {isa = PBXFileReference; lastKnownFileType = sourcecode.swift; path = BusinessDashboard.swift; sourceTree = "<group>"; };
		0DE2BBD615CCF09EBECAA3F5 /* ZuffiCRM.swift */ = {isa = PBXFileReference; lastKnownFileType = sourcecode.swift; path = ZuffiCRM.swift; sourceTree = "<group>"; };
		717774D00C85758BFEBD88F1 /* ZuffiPA.swift */ = {isa = PBXFileReference; lastKnownFileType = sourcecode.swift; path = ZuffiPA.swift; sourceTree = "<group>"; };
		97E58164047913821ED40C4C /* ZuffiTeam.swift */ = {isa = PBXFileReference; lastKnownFileType = sourcecode.swift; path = ZuffiTeam.swift; sourceTree = "<group>"; };
		739140E6E4376D7A75563982 /* ZuffiBusiness.swift */ = {isa = PBXFileReference; lastKnownFileType = sourcecode.swift; path = ZuffiBusiness.swift; sourceTree = "<group>"; };
		94767A4A4F55DACF5A3A9B3A /* ZuffiChat.swift */ = {isa = PBXFileReference; lastKnownFileType = sourcecode.swift; path = ZuffiChat.swift; sourceTree = "<group>"; };
		8CEAE5402E38BAEF0254F7AF /* ZuffiData.swift */ = {isa = PBXFileReference; lastKnownFileType = sourcecode.swift; path = ZuffiData.swift; sourceTree = "<group>"; };
		821FD7D855AC144D100DF6E7 /* ZuffiSpace.swift */ = {isa = PBXFileReference; lastKnownFileType = sourcecode.swift; path = ZuffiSpace.swift; sourceTree = "<group>"; };
		2C83981EC175538D8D9BBFA9 /* VoiceboxVoice.swift */ = {isa = PBXFileReference; lastKnownFileType = sourcecode.swift; path = VoiceboxVoice.swift; sourceTree = "<group>"; };
		0A2622A37C7E4ED1D660856F /* GlanceCards.swift */ = {isa = PBXFileReference; lastKnownFileType = sourcecode.swift; path = GlanceCards.swift; sourceTree = "<group>"; };
		2173290A0779D0438B90DD79 /* AgentHub.swift */ = {isa = PBXFileReference; lastKnownFileType = sourcecode.swift; path = AgentHub.swift; sourceTree = "<group>"; };
		AD254C6C6556BEB29CCAFB24 /* ZuffiAvatar.swift */ = {isa = PBXFileReference; lastKnownFileType = sourcecode.swift; path = ZuffiAvatar.swift; sourceTree = "<group>"; };
		753E5D0EDE9DF20E74B3C665 /* ScreenAgent.swift */ = {isa = PBXFileReference; lastKnownFileType = sourcecode.swift; path = ScreenAgent.swift; sourceTree = "<group>"; };
		71055F0E5D33857DB26A3635 /* SmartPlanner.swift */ = {isa = PBXFileReference; lastKnownFileType = sourcecode.swift; path = SmartPlanner.swift; sourceTree = "<group>"; };
		C705035F81568D3A64CB2907 /* NetStatus.swift */ = {isa = PBXFileReference; lastKnownFileType = sourcecode.swift; path = NetStatus.swift; sourceTree = "<group>"; };
		5CBBF5A6891B36387EE6D8CA /* MemoryStore.swift */ = {isa = PBXFileReference; lastKnownFileType = sourcecode.swift; path = MemoryStore.swift; sourceTree = "<group>"; };
		2A6F28D209FEE7CAF9AE7EEE /* BackgroundKeeper.swift */ = {isa = PBXFileReference; lastKnownFileType = sourcecode.swift; path = BackgroundKeeper.swift; sourceTree = "<group>"; };
		1E9D1912DEACDD585C7DE67D /* HoldToTalk.swift */ = {isa = PBXFileReference; lastKnownFileType = sourcecode.swift; path = HoldToTalk.swift; sourceTree = "<group>"; };
		224F911E451BBDC7247806C7 /* MacControl.swift */ = {isa = PBXFileReference; lastKnownFileType = sourcecode.swift; path = MacControl.swift; sourceTree = "<group>"; };
		2B408434DFFEB4DD672F879D /* SparrowHome.swift */ = {isa = PBXFileReference; lastKnownFileType = sourcecode.swift; path = SparrowHome.swift; sourceTree = "<group>"; };
		B77091C717DACBACC21C450F /* NativeSpeech.swift */ = {isa = PBXFileReference; lastKnownFileType = sourcecode.swift; path = NativeSpeech.swift; sourceTree = "<group>"; };
		96BE0EF865BAAA699BC7DCD0 /* AgentRouter.swift */ = {isa = PBXFileReference; lastKnownFileType = sourcecode.swift; path = AgentRouter.swift; sourceTree = "<group>"; };
		F509572E5EA0BB745FA4AFD4 /* WebHub.swift */ = {isa = PBXFileReference; lastKnownFileType = sourcecode.swift; path = WebHub.swift; sourceTree = "<group>"; };
		A77EA4F53961DA07F28353A7 /* Routine.swift */ = {isa = PBXFileReference; lastKnownFileType = sourcecode.swift; path = Routine.swift; sourceTree = "<group>"; };
		0D6699F1646F2B5C36FEE62B /* Companion.swift */ = {isa = PBXFileReference; lastKnownFileType = sourcecode.swift; path = Companion.swift; sourceTree = "<group>"; };
		11AA53680D71ED066F205413 /* DailyRoutine.swift */ = {isa = PBXFileReference; lastKnownFileType = sourcecode.swift; path = DailyRoutine.swift; sourceTree = "<group>"; };
		4168D597AFAE26F62A2D6EE3 /* Shortcuts.swift */ = {isa = PBXFileReference; lastKnownFileType = sourcecode.swift; path = Shortcuts.swift; sourceTree = "<group>"; };
		786C120AD9FDFB99A76AABD0 /* Assistant.swift */ = {isa = PBXFileReference; lastKnownFileType = sourcecode.swift; path = Assistant.swift; sourceTree = "<group>"; };
		EA09B6A9D58957F00818744D /* CommandEngine.swift */ = {isa = PBXFileReference; lastKnownFileType = sourcecode.swift; path = CommandEngine.swift; sourceTree = "<group>"; };
		379B6F8C0CB96516B04B887F /* AIService.swift */ = {isa = PBXFileReference; lastKnownFileType = sourcecode.swift; path = AIService.swift; sourceTree = "<group>"; };
		15A1A8206F73376F4CAF2057 /* IslandRootView.swift */ = {isa = PBXFileReference; lastKnownFileType = sourcecode.swift; path = IslandRootView.swift; sourceTree = "<group>"; };
		192844E7299DEED5C2372067 /* AppDelegate.swift */ = {isa = PBXFileReference; lastKnownFileType = sourcecode.swift; path = AppDelegate.swift; sourceTree = "<group>"; };
		1BE21C2B315D37AA70ED45E9 /* SoundEngine.swift */ = {isa = PBXFileReference; lastKnownFileType = sourcecode.swift; path = SoundEngine.swift; sourceTree = "<group>"; };
		3232F258523DD8D09B670363 /* FileDropView.swift */ = {isa = PBXFileReference; lastKnownFileType = sourcecode.swift; path = FileDropView.swift; sourceTree = "<group>"; };
		4DC2A07E42245A8CF3BBD2AB /* CoucouAppStore.app */ = {isa = PBXFileReference; explicitFileType = wrapper.application; includeInIndex = 0; path = CoucouAppStore.app; sourceTree = BUILT_PRODUCTS_DIR; };
		506824380E9C80B9BC6DCE72 /* Assets.xcassets */ = {isa = PBXFileReference; lastKnownFileType = folder.assetcatalog; path = Assets.xcassets; sourceTree = "<group>"; };
		6FD65943C32E150F1CD65C31 /* UploadSequenceEngine.swift */ = {isa = PBXFileReference; lastKnownFileType = sourcecode.swift; path = UploadSequenceEngine.swift; sourceTree = "<group>"; };
		78BC1357785CA1B099A33969 /* IslandScreenGeometry.swift */ = {isa = PBXFileReference; lastKnownFileType = sourcecode.swift; path = IslandScreenGeometry.swift; sourceTree = "<group>"; };
		7C1A7D5CBE2AC084A10C5FF3 /* SettingsView.swift */ = {isa = PBXFileReference; lastKnownFileType = sourcecode.swift; path = SettingsView.swift; sourceTree = "<group>"; };
		8D3CE3617E9D336DDBA10F7A /* IslandTypes.swift */ = {isa = PBXFileReference; lastKnownFileType = sourcecode.swift; path = IslandTypes.swift; sourceTree = "<group>"; };
		9F6D7015D6A77AA59323C0E7 /* AppLog.swift */ = {isa = PBXFileReference; lastKnownFileType = sourcecode.swift; path = AppLog.swift; sourceTree = "<group>"; };
		A14A61070D293AB4BBA303F7 /* NotchBuddy.app */ = {isa = PBXFileReference; explicitFileType = wrapper.application; includeInIndex = 0; path = NotchBuddy.app; sourceTree = BUILT_PRODUCTS_DIR; };
		A29F4C0B02BE91654D02AA0C /* BotCanvasView.swift */ = {isa = PBXFileReference; lastKnownFileType = sourcecode.swift; path = BotCanvasView.swift; sourceTree = "<group>"; };
		A83D5410BD030B243ADDCFF4 /* ClaudeService.swift */ = {isa = PBXFileReference; lastKnownFileType = sourcecode.swift; path = ClaudeService.swift; sourceTree = "<group>"; };
		B241B043223AFBBFB7418A5E /* UploadCanvasView.swift */ = {isa = PBXFileReference; lastKnownFileType = sourcecode.swift; path = UploadCanvasView.swift; sourceTree = "<group>"; };
		B2FDED98F7F6C755A72C97A3 /* SafeWebURL.swift */ = {isa = PBXFileReference; lastKnownFileType = sourcecode.swift; path = SafeWebURL.swift; sourceTree = "<group>"; };
		C066E2B991AA4F56B2724263 /* sounds */ = {isa = PBXFileReference; lastKnownFileType = folder; name = sounds; path = Resources/sounds; sourceTree = SOURCE_ROOT; };
		911B368FBBDFB4104197D3BD /* agents */ = {isa = PBXFileReference; lastKnownFileType = folder; name = agents; path = Resources/agents; sourceTree = SOURCE_ROOT; };
		A1B2C3D4E5F60718293A4B00 /* web */ = {isa = PBXFileReference; lastKnownFileType = folder; name = web; path = Resources/web; sourceTree = SOURCE_ROOT; };
		A1B2C3D4E5F60718293A4B10 /* studio */ = {isa = PBXFileReference; lastKnownFileType = folder; name = studio; path = Resources/studio; sourceTree = SOURCE_ROOT; };
		A1B2C3D4E5F60718293A4B20 /* speech */ = {isa = PBXFileReference; lastKnownFileType = folder; name = speech; path = Resources/speech; sourceTree = SOURCE_ROOT; };
		C2E4F18AA940EFF7E047B9F7 /* AppState.swift */ = {isa = PBXFileReference; lastKnownFileType = sourcecode.swift; path = AppState.swift; sourceTree = "<group>"; };
		D4540F630F8BA04AFFFA3979 /* BotEngine.swift */ = {isa = PBXFileReference; lastKnownFileType = sourcecode.swift; path = BotEngine.swift; sourceTree = "<group>"; };
		D710BD7834228045869D0184 /* IslandWindowController.swift */ = {isa = PBXFileReference; lastKnownFileType = sourcecode.swift; path = IslandWindowController.swift; sourceTree = "<group>"; };
		D8212018F09EA1E96FBD63CD /* IslandStateMachine.swift */ = {isa = PBXFileReference; lastKnownFileType = sourcecode.swift; path = IslandStateMachine.swift; sourceTree = "<group>"; };
		E91B733ADC638E14E9BB6EFA /* WindowContextCapture.swift */ = {isa = PBXFileReference; lastKnownFileType = sourcecode.swift; path = WindowContextCapture.swift; sourceTree = "<group>"; };
		F1BD8F3CAA60CF37640759E1 /* NotchBuddyApp.swift */ = {isa = PBXFileReference; lastKnownFileType = sourcecode.swift; path = NotchBuddyApp.swift; sourceTree = "<group>"; };
		FA02B08886939FF6FE0475DD /* IslandViewContent.swift */ = {isa = PBXFileReference; lastKnownFileType = sourcecode.swift; path = IslandViewContent.swift; sourceTree = "<group>"; };
/* End PBXFileReference section */

/* Begin PBXGroup section */
		2D4550630644796DA0649B81 /* App */ = {
			isa = PBXGroup;
			children = (
				192844E7299DEED5C2372067 /* AppDelegate.swift */,
				9F6D7015D6A77AA59323C0E7 /* AppLog.swift */,
				C2E4F18AA940EFF7E047B9F7 /* AppState.swift */,
				A29F4C0B02BE91654D02AA0C /* BotCanvasView.swift */,
				D4540F630F8BA04AFFFA3979 /* BotEngine.swift */,
				A83D5410BD030B243ADDCFF4 /* ClaudeService.swift */,
				E09494230512EF3241740F36 /* MeetingNotes.swift */,
				71055F0E5D33857DB26A3635 /* SmartPlanner.swift */,
				D4E29F781B3752D5E125F95E /* HealthSettingsView.swift */,
				97D330FAF5BD94A22EAA4AD1 /* PhoneLink.swift */,
				573E04989084923B39144398 /* SetupWizard.swift */,
				3C31F5F2B18F1A1BAE6B6118 /* InstalledAI.swift */,
				CE0ECC89F3ED23B9BB78E2B1 /* ZuffiWalk.swift */,
				1F538B3D8757803733A027CD /* BizSync.swift */,
				9E1E61E7C3FC27E33B885DC5 /* ZuffiGlass.swift */,
				1606B0E622B19FECE1B4AF87 /* ZuffiProperty.swift */,
				25C89F78A9D31A3294FAEC82 /* ZuffiMoney.swift */,
				2092E9D8A35E5284B48E54C5 /* BusinessDashboard.swift */,
				0DE2BBD615CCF09EBECAA3F5 /* ZuffiCRM.swift */,
				717774D00C85758BFEBD88F1 /* ZuffiPA.swift */,
				97E58164047913821ED40C4C /* ZuffiTeam.swift */,
				739140E6E4376D7A75563982 /* ZuffiBusiness.swift */,
				94767A4A4F55DACF5A3A9B3A /* ZuffiChat.swift */,
				8CEAE5402E38BAEF0254F7AF /* ZuffiData.swift */,
				821FD7D855AC144D100DF6E7 /* ZuffiSpace.swift */,
				2C83981EC175538D8D9BBFA9 /* VoiceboxVoice.swift */,
				0A2622A37C7E4ED1D660856F /* GlanceCards.swift */,
				2173290A0779D0438B90DD79 /* AgentHub.swift */,
				AD254C6C6556BEB29CCAFB24 /* ZuffiAvatar.swift */,
				753E5D0EDE9DF20E74B3C665 /* ScreenAgent.swift */,
				E10880C30B417627900CDFBF /* SparrowSprite.swift */,
				FA89CBF823F723D8E86288AB /* LiveSession.swift */,
				727C958363811479852448FF /* WhatsAppAgent.swift */,
				8D1ED5EDA63B0412CD52234A /* MailAgent.swift */,
				C705035F81568D3A64CB2907 /* NetStatus.swift */,
				5CBBF5A6891B36387EE6D8CA /* MemoryStore.swift */,
				2A6F28D209FEE7CAF9AE7EEE /* BackgroundKeeper.swift */,
				1E9D1912DEACDD585C7DE67D /* HoldToTalk.swift */,
				224F911E451BBDC7247806C7 /* MacControl.swift */,
				2B408434DFFEB4DD672F879D /* SparrowHome.swift */,
				B77091C717DACBACC21C450F /* NativeSpeech.swift */,
				96BE0EF865BAAA699BC7DCD0 /* AgentRouter.swift */,
				F509572E5EA0BB745FA4AFD4 /* WebHub.swift */,
				A77EA4F53961DA07F28353A7 /* Routine.swift */,
				0D6699F1646F2B5C36FEE62B /* Companion.swift */,
				11AA53680D71ED066F205413 /* DailyRoutine.swift */,
				4168D597AFAE26F62A2D6EE3 /* Shortcuts.swift */,
				786C120AD9FDFB99A76AABD0 /* Assistant.swift */,
				EA09B6A9D58957F00818744D /* CommandEngine.swift */,
				379B6F8C0CB96516B04B887F /* AIService.swift */,
				3232F258523DD8D09B670363 /* FileDropView.swift */,
				15A1A8206F73376F4CAF2057 /* IslandRootView.swift */,
				78BC1357785CA1B099A33969 /* IslandScreenGeometry.swift */,
				D8212018F09EA1E96FBD63CD /* IslandStateMachine.swift */,
				8D3CE3617E9D336DDBA10F7A /* IslandTypes.swift */,
				FA02B08886939FF6FE0475DD /* IslandViewContent.swift */,
				D710BD7834228045869D0184 /* IslandWindowController.swift */,
				F1BD8F3CAA60CF37640759E1 /* NotchBuddyApp.swift */,
				B2FDED98F7F6C755A72C97A3 /* SafeWebURL.swift */,
				7C1A7D5CBE2AC084A10C5FF3 /* SettingsView.swift */,
				1BE21C2B315D37AA70ED45E9 /* SoundEngine.swift */,
				B241B043223AFBBFB7418A5E /* UploadCanvasView.swift */,
				6FD65943C32E150F1CD65C31 /* UploadSequenceEngine.swift */,
				E91B733ADC638E14E9BB6EFA /* WindowContextCapture.swift */,
			);
			path = App;
			sourceTree = "<group>";
		};
		6CF11AAA7898712CF6DB364A /* Products */ = {
			isa = PBXGroup;
			children = (
				4DC2A07E42245A8CF3BBD2AB /* CoucouAppStore.app */,
				A14A61070D293AB4BBA303F7 /* NotchBuddy.app */,
			);
			name = Products;
			sourceTree = "<group>";
		};
		B382DF6D17081F63DA1CC08B /* Sources */ = {
			isa = PBXGroup;
			children = (
				2D4550630644796DA0649B81 /* App */,
			);
			path = Sources;
			sourceTree = "<group>";
		};
		C8A9AE71DB5C532D78C7784B = {
			isa = PBXGroup;
			children = (
				506824380E9C80B9BC6DCE72 /* Assets.xcassets */,
				D3593DF62D69E62DA5121807 /* Resources */,
				B382DF6D17081F63DA1CC08B /* Sources */,
				6CF11AAA7898712CF6DB364A /* Products */,
			);
			sourceTree = "<group>";
		};
		D3593DF62D69E62DA5121807 /* Resources */ = {
			isa = PBXGroup;
			children = (
				C066E2B991AA4F56B2724263 /* sounds */,
				911B368FBBDFB4104197D3BD /* agents */,
				A1B2C3D4E5F60718293A4B00 /* web */,
				A1B2C3D4E5F60718293A4B10 /* studio */,
				A1B2C3D4E5F60718293A4B20 /* speech */,
			);
			path = Resources;
			sourceTree = "<group>";
		};
/* End PBXGroup section */

/* Begin PBXNativeTarget section */
		12E59C1D41BFA3D2F7CDD7F5 /* NotchBuddy */ = {
			isa = PBXNativeTarget;
			buildConfigurationList = DFC46BE61950064F9ADCEFC3 /* Build configuration list for PBXNativeTarget "NotchBuddy" */;
			buildPhases = (
				002591692F471861383A29CD /* Sources */,
				A0E1A749D68BF03D3FDE4473 /* Resources */,
			);
			buildRules = (
			);
			dependencies = (
			);
			name = NotchBuddy;
			packageProductDependencies = (
			);
			productName = NotchBuddy;
			productReference = A14A61070D293AB4BBA303F7 /* NotchBuddy.app */;
			productType = "com.apple.product-type.application";
		};
		495922874E20462B9FC47E53 /* CoucouAppStore */ = {
			isa = PBXNativeTarget;
			buildConfigurationList = 21BF9C617EC84EECBB6BC46D /* Build configuration list for PBXNativeTarget "CoucouAppStore" */;
			buildPhases = (
				760473CA0E9C38B61B761B8C /* Sources */,
				4AFCA0709B0C077E65F471EB /* Resources */,
			);
			buildRules = (
			);
			dependencies = (
			);
			name = CoucouAppStore;
			packageProductDependencies = (
			);
			productName = CoucouAppStore;
			productReference = 4DC2A07E42245A8CF3BBD2AB /* CoucouAppStore.app */;
			productType = "com.apple.product-type.application";
		};
/* End PBXNativeTarget section */

/* Begin PBXProject section */
		ACF315E0C1F7FECADF1B4FBC /* Project object */ = {
			isa = PBXProject;
			attributes = {
				BuildIndependentTargetsInParallel = YES;
				LastUpgradeCheck = 2700;
				TargetAttributes = {
					12E59C1D41BFA3D2F7CDD7F5 = {
						ProvisioningStyle = Manual;
					};
					495922874E20462B9FC47E53 = {
						DevelopmentTeam = 256AUJ9555;
						ProvisioningStyle = Automatic;
					};
				};
			};
			buildConfigurationList = 2B80F5D9D7D10C755DEF1E61 /* Build configuration list for PBXProject "NotchBuddy" */;
			developmentRegion = en;
			hasScannedForEncodings = 0;
			knownRegions = (
				Base,
				en,
			);
			mainGroup = C8A9AE71DB5C532D78C7784B;
			minimizedProjectReferenceProxies = 1;
			preferredProjectObjectVersion = 77;
			productRefGroup = 6CF11AAA7898712CF6DB364A /* Products */;
			projectDirPath = "";
			projectRoot = "";
			targets = (
				12E59C1D41BFA3D2F7CDD7F5 /* NotchBuddy */,
				495922874E20462B9FC47E53 /* CoucouAppStore */,
			);
		};
/* End PBXProject section */

/* Begin PBXResourcesBuildPhase section */
		4AFCA0709B0C077E65F471EB /* Resources */ = {
			isa = PBXResourcesBuildPhase;
			buildActionMask = 2147483647;
			files = (
				FBBC4CDE82B5886A83A27D7A /* Assets.xcassets in Resources */,
				B3EC9CF3C8BD629C3530E8F1 /* sounds in Resources */,
				1AEF2BD3810B753947F0218E /* agents in Resources */,
				A1B2C3D4E5F60718293A4B01 /* web in Resources */,
				A1B2C3D4E5F60718293A4B11 /* studio in Resources */,
				A1B2C3D4E5F60718293A4B21 /* speech in Resources */,
			);
			runOnlyForDeploymentPostprocessing = 0;
		};
		A0E1A749D68BF03D3FDE4473 /* Resources */ = {
			isa = PBXResourcesBuildPhase;
			buildActionMask = 2147483647;
			files = (
				DCAC390FF9EC65B945A15B24 /* Assets.xcassets in Resources */,
				F06EE0A97CB77096A337AA8B /* sounds in Resources */,
				55F9857087212A6A88CE6EBD /* agents in Resources */,
				A1B2C3D4E5F60718293A4B02 /* web in Resources */,
				A1B2C3D4E5F60718293A4B12 /* studio in Resources */,
				A1B2C3D4E5F60718293A4B22 /* speech in Resources */,
			);
			runOnlyForDeploymentPostprocessing = 0;
		};
/* End PBXResourcesBuildPhase section */

/* Begin PBXSourcesBuildPhase section */
		002591692F471861383A29CD /* Sources */ = {
			isa = PBXSourcesBuildPhase;
			buildActionMask = 2147483647;
			files = (
				C940B651C6CA952D99388E04 /* AppDelegate.swift in Sources */,
				4B6AC00F22EC75E90E0157D5 /* AppLog.swift in Sources */,
				1F11EC4E6F604C612A1ADAD1 /* AppState.swift in Sources */,
				CD8DECA66B9E09C97E469DB9 /* BotCanvasView.swift in Sources */,
				C24D863967D8D32D828ED4B1 /* BotEngine.swift in Sources */,
				2DEB459FBD0BA3CEAAA5FDE9 /* ClaudeService.swift in Sources */,
				68CE94D17A2B6DA61FCEEC80 /* MeetingNotes.swift in Sources */,
				C36B064F9F1187AF1D810E74 /* SmartPlanner.swift in Sources */,
				6D15CCCB033D62D4186745F7 /* HealthSettingsView.swift in Sources */,
				7E572EEBD4D11E75E1151CEC /* PhoneLink.swift in Sources */,
				7753FCDB2A6259A650C60C83 /* SetupWizard.swift in Sources */,
				2FD658FA367EEFBE7D5306B4 /* InstalledAI.swift in Sources */,
				D6762A7AEF76D140F372C195 /* ZuffiWalk.swift in Sources */,
				6D51465A42D25FD952BCBCAE /* BizSync.swift in Sources */,
				B31877B64BD48C6DC1B0A65B /* ZuffiGlass.swift in Sources */,
				18D085FCB824294A1C83CE4D /* ZuffiProperty.swift in Sources */,
				44A536187F4278B9C33F9FA1 /* ZuffiMoney.swift in Sources */,
				7541E20736E4A65C97873322 /* BusinessDashboard.swift in Sources */,
				FFB0DB37723A0186B2367A3A /* ZuffiCRM.swift in Sources */,
				B4462BEE3D6F79CBCD0705C1 /* ZuffiPA.swift in Sources */,
				EDD7B5EEC60B0FD72CEF8F2D /* ZuffiTeam.swift in Sources */,
				3B2E39A8528DEA2DDE046599 /* ZuffiBusiness.swift in Sources */,
				AC59C5437013AE7D8A6778C3 /* ZuffiChat.swift in Sources */,
				2BC6855FE0E77E6A66BBEC55 /* ZuffiData.swift in Sources */,
				9F1E5BAA7F72384AB3050800 /* ZuffiSpace.swift in Sources */,
				7AD81119C638AF90374CC7C5 /* VoiceboxVoice.swift in Sources */,
				ADF41286FC4E3EFF979C918D /* GlanceCards.swift in Sources */,
				B5F5603FADFAF7637B8A3F76 /* AgentHub.swift in Sources */,
				587E9AD3034088D16BB8E0BE /* ZuffiAvatar.swift in Sources */,
				679D07CD7A63DF433D3A40A3 /* ScreenAgent.swift in Sources */,
				2D3AF78DCCDF91C75694D4F6 /* SparrowSprite.swift in Sources */,
				0BC07A6C61B0D278B2189061 /* LiveSession.swift in Sources */,
				159E9C7CB57BA4D1F32B6E5F /* WhatsAppAgent.swift in Sources */,
				5928D57313A745CD1D82973A /* MailAgent.swift in Sources */,
				7A51D4595B97D84CFFB4215B /* NetStatus.swift in Sources */,
				1EC9131DAFB67F0087AD337A /* MemoryStore.swift in Sources */,
				B975247446E237C4D9B09761 /* BackgroundKeeper.swift in Sources */,
				0A98A5526DF2A3F5A3D3DE54 /* HoldToTalk.swift in Sources */,
				6B967334DDA2C838803545F8 /* MacControl.swift in Sources */,
				56C2E4D1FA68D445B493363B /* SparrowHome.swift in Sources */,
				BF45817AD497779E4A6B317F /* NativeSpeech.swift in Sources */,
				CA8D0C5E4184609464D0EA75 /* AgentRouter.swift in Sources */,
				9DFB2633F5AD50BA695216BD /* WebHub.swift in Sources */,
				F6BB73D7FB79D4E70E590030 /* Routine.swift in Sources */,
				6CB0F6E940E2FAA5E08E7524 /* Companion.swift in Sources */,
				44B66F88018E1F37014890D2 /* DailyRoutine.swift in Sources */,
				9FE8E36CFE013BEE853CAC1E /* Shortcuts.swift in Sources */,
				B3F08A622C38C86275B57A7D /* Assistant.swift in Sources */,
				1A9C3A9DE10DEFD2BE40ABD6 /* CommandEngine.swift in Sources */,
				3B81E61684C44EFBF7761A63 /* AIService.swift in Sources */,
				E776C7D1DE5C62EA8D4BA3E3 /* FileDropView.swift in Sources */,
				CA3321C14A11FED94E48B3E3 /* IslandRootView.swift in Sources */,
				186AB8904029767DAA5277CF /* IslandScreenGeometry.swift in Sources */,
				5B9A00AFB0837731FA678E4E /* IslandStateMachine.swift in Sources */,
				3F19756A396F125EC711247F /* IslandTypes.swift in Sources */,
				065FCE817315454DE3F85F25 /* IslandViewContent.swift in Sources */,
				091EC3B2F1060D7EE1317E4E /* IslandWindowController.swift in Sources */,
				06BF5FD95E03010CAFDBF2D0 /* NotchBuddyApp.swift in Sources */,
				6FC65C190ED614C664C9BC17 /* SafeWebURL.swift in Sources */,
				56BE8C733F10A030A638FB60 /* SettingsView.swift in Sources */,
				60E361FFE84C387E5E3ED1AA /* SoundEngine.swift in Sources */,
				62C4EE3F74DAA59764729E62 /* UploadCanvasView.swift in Sources */,
				FAD78D74C6906D4EC8AA4101 /* UploadSequenceEngine.swift in Sources */,
				2875610F701376BD65573386 /* WindowContextCapture.swift in Sources */,
			);
			runOnlyForDeploymentPostprocessing = 0;
		};
		760473CA0E9C38B61B761B8C /* Sources */ = {
			isa = PBXSourcesBuildPhase;
			buildActionMask = 2147483647;
			files = (
				878924960FC0F2B3524D48AC /* AppDelegate.swift in Sources */,
				61CB7049490F61CFA1B36B64 /* AppLog.swift in Sources */,
				61F73B27A7E3AFF584B2CC22 /* AppState.swift in Sources */,
				651FA3F09608DE5D02D61CCE /* BotCanvasView.swift in Sources */,
				0E9CE475EC53C67DAB00F8E5 /* BotEngine.swift in Sources */,
				0329E76BA4A8FEEA8A6D76E7 /* ClaudeService.swift in Sources */,
				7E77366681351C1D17AF60A0 /* MeetingNotes.swift in Sources */,
				C07E53BDAC5D497CF979CCBE /* SmartPlanner.swift in Sources */,
				EAD634B20DDEFE624E6EED6B /* HealthSettingsView.swift in Sources */,
				BF6032E05D9F2A032063962A /* PhoneLink.swift in Sources */,
				EC9F164883A3250BB9FDDC35 /* SetupWizard.swift in Sources */,
				AEE9FFFAAAD838DA5EB86EC0 /* InstalledAI.swift in Sources */,
				D12BE8443642E6CC7641F7B0 /* ZuffiWalk.swift in Sources */,
				744597F76CBD99C39D5CD244 /* BizSync.swift in Sources */,
				7A67483ABA930ED4C23F713C /* ZuffiGlass.swift in Sources */,
				C8CE92158A576F33E11C30C8 /* ZuffiProperty.swift in Sources */,
				9CCE6F985E8A5114BE5E3716 /* ZuffiMoney.swift in Sources */,
				2FB5A399507FA6742C2FBE7B /* BusinessDashboard.swift in Sources */,
				501AB0F0E7BE405A171DCB40 /* ZuffiCRM.swift in Sources */,
				FA56646E78820C30FE1D3F62 /* ZuffiPA.swift in Sources */,
				6587EA7F77348357577186EC /* ZuffiTeam.swift in Sources */,
				932F207B3C026B1E561994ED /* ZuffiBusiness.swift in Sources */,
				5BF6CD47942E5D95EACD4528 /* ZuffiChat.swift in Sources */,
				069B8B03C5BD725C4F89C3FC /* ZuffiData.swift in Sources */,
				32ADC66D5EF72B39940D4DB8 /* ZuffiSpace.swift in Sources */,
				2FDAD2248E77D906F7B1DD57 /* VoiceboxVoice.swift in Sources */,
				4F8011BF5E9C917350365842 /* GlanceCards.swift in Sources */,
				D1541F6D8124AC10A3EDCDF2 /* AgentHub.swift in Sources */,
				9C1DDF378068DC15D468D863 /* ZuffiAvatar.swift in Sources */,
				7FCD6C311D82B57466309C9B /* ScreenAgent.swift in Sources */,
				4AABC4FB27EE7F4E4928FA0C /* SparrowSprite.swift in Sources */,
				2B0E1B1399E8949DA8905A93 /* LiveSession.swift in Sources */,
				D54CC8651AE59E921AE931ED /* WhatsAppAgent.swift in Sources */,
				80A55571D1A38A4C23AF237A /* MailAgent.swift in Sources */,
				16CF2A91F191A8DB00D4A4FF /* NetStatus.swift in Sources */,
				5CED2C1E919A02CE9D0C4EC8 /* MemoryStore.swift in Sources */,
				EABF2E8DBC8390D81E0763AE /* BackgroundKeeper.swift in Sources */,
				A6B4032D0A0F7B797FAF8A35 /* HoldToTalk.swift in Sources */,
				89FDA1AE9EA7D5FA6AD4F948 /* MacControl.swift in Sources */,
				204C2226DB2872371B073856 /* SparrowHome.swift in Sources */,
				ECEC694263668830BBD68EB2 /* NativeSpeech.swift in Sources */,
				E902FF590DA9DB3ACF4AB038 /* AgentRouter.swift in Sources */,
				284E31A5C9C487575A38B96A /* WebHub.swift in Sources */,
				290E13B34EA35C0759CD5712 /* Routine.swift in Sources */,
				3870CDDBE7FD0B52E03F0D74 /* Companion.swift in Sources */,
				E47CF92ACF8E6353D3AB310D /* DailyRoutine.swift in Sources */,
				C80B3AC6EECA8453AC73E80C /* Shortcuts.swift in Sources */,
				6F0431677C32FEB395CE9B48 /* Assistant.swift in Sources */,
				727F70F55A03155C5D9244D7 /* CommandEngine.swift in Sources */,
				CB26029664EA9CAF34D396A9 /* AIService.swift in Sources */,
				2132477000FD77F7EB234DAA /* FileDropView.swift in Sources */,
				B605F976F4141435F27CF266 /* IslandRootView.swift in Sources */,
				0D68A4C4E3422487DB7B2262 /* IslandScreenGeometry.swift in Sources */,
				3756B7E1A55D9CEC8C4D34A4 /* IslandStateMachine.swift in Sources */,
				D82E93014C8087AE81511E40 /* IslandTypes.swift in Sources */,
				68A950E3C23FD612639D9776 /* IslandViewContent.swift in Sources */,
				C61DDE2EC5FDDB39E4AA3B34 /* IslandWindowController.swift in Sources */,
				DE05D09A32117582AC93A24A /* NotchBuddyApp.swift in Sources */,
				FEFEF1EBAB0E6CA74A33C10B /* SafeWebURL.swift in Sources */,
				8D1C01F283FA7806119A1C85 /* SettingsView.swift in Sources */,
				78B3C6814431B2DD9D1F4949 /* SoundEngine.swift in Sources */,
				4117E7C8AA231AAE36E7509D /* UploadCanvasView.swift in Sources */,
				ECECA2F225E82B7C951658D7 /* UploadSequenceEngine.swift in Sources */,
				2CC2E3B688B15BBEB3AE3BCE /* WindowContextCapture.swift in Sources */,
			);
			runOnlyForDeploymentPostprocessing = 0;
		};
/* End PBXSourcesBuildPhase section */

/* Begin XCBuildConfiguration section */
		0C135EF4AD7F69AB24CA6CEF /* Release */ = {
			isa = XCBuildConfiguration;
			buildSettings = {
				ASSETCATALOG_COMPILER_APPICON_NAME = AppIcon;
				COMBINE_HIDPI_IMAGES = YES;
				ENABLE_SANDBOX = NO;
				INFOPLIST_FILE = Resources/Info.plist;
				LD_RUNPATH_SEARCH_PATHS = (
					"$(inherited)",
					"@executable_path/../Frameworks",
				);
				MACOSX_DEPLOYMENT_TARGET = 15.0;
				PRODUCT_BUNDLE_IDENTIFIER = app.sparrowai.Sparrow;
				PRODUCT_NAME = Zuffi;
				SDKROOT = macosx;
			};
			name = Release;
		};
		601A86C280BDF7077864F3F0 /* Debug */ = {
			isa = XCBuildConfiguration;
			buildSettings = {
				ASSETCATALOG_COMPILER_APPICON_NAME = AppIcon;
				COMBINE_HIDPI_IMAGES = YES;
				ENABLE_SANDBOX = NO;
				INFOPLIST_FILE = Resources/Info.plist;
				LD_RUNPATH_SEARCH_PATHS = (
					"$(inherited)",
					"@executable_path/../Frameworks",
				);
				MACOSX_DEPLOYMENT_TARGET = 15.0;
				PRODUCT_BUNDLE_IDENTIFIER = app.sparrowai.Sparrow;
				PRODUCT_NAME = Zuffi;
				SDKROOT = macosx;
			};
			name = Debug;
		};
		898FDF7B8955E2C2214D7618 /* Release */ = {
			isa = XCBuildConfiguration;
			buildSettings = {
				ASSETCATALOG_COMPILER_APPICON_NAME = AppIcon;
				CODE_SIGNING_ALLOWED = YES;
				CODE_SIGN_ENTITLEMENTS = Resources/CoucouAppStore.entitlements;
				CODE_SIGN_IDENTITY = "Apple Development";
				CODE_SIGN_STYLE = Automatic;
				COMBINE_HIDPI_IMAGES = YES;
				DEVELOPMENT_TEAM = "";
				INFOPLIST_FILE = Resources/InfoAppStore.plist;
				LD_RUNPATH_SEARCH_PATHS = (
					"$(inherited)",
					"@executable_path/../Frameworks",
				);
				MACOSX_DEPLOYMENT_TARGET = 15.0;
				PRODUCT_BUNDLE_IDENTIFIER = app.sparrowai.Sparrow.appstore;
				PRODUCT_NAME = Zuffi;
				SDKROOT = macosx;
				SWIFT_ACTIVE_COMPILATION_CONDITIONS = APPSTORE;
			};
			name = Release;
		};
		B00AFE3DDD2B0870D9FC5B2A /* Debug */ = {
			isa = XCBuildConfiguration;
			buildSettings = {
				ASSETCATALOG_COMPILER_APPICON_NAME = AppIcon;
				CODE_SIGNING_ALLOWED = YES;
				CODE_SIGN_ENTITLEMENTS = Resources/CoucouAppStore.entitlements;
				CODE_SIGN_IDENTITY = "Apple Development";
				CODE_SIGN_STYLE = Automatic;
				COMBINE_HIDPI_IMAGES = YES;
				DEVELOPMENT_TEAM = "";
				INFOPLIST_FILE = Resources/InfoAppStore.plist;
				LD_RUNPATH_SEARCH_PATHS = (
					"$(inherited)",
					"@executable_path/../Frameworks",
				);
				MACOSX_DEPLOYMENT_TARGET = 15.0;
				PRODUCT_BUNDLE_IDENTIFIER = app.sparrowai.Sparrow.appstore;
				PRODUCT_NAME = Zuffi;
				SDKROOT = macosx;
				SWIFT_ACTIVE_COMPILATION_CONDITIONS = APPSTORE;
			};
			name = Debug;
		};
		CA9D2D4E8E2B8015D8EA90A2 /* Debug */ = {
			isa = XCBuildConfiguration;
			buildSettings = {
				ALWAYS_SEARCH_USER_PATHS = NO;
				CLANG_ANALYZER_NONNULL = YES;
				CLANG_ANALYZER_NUMBER_OBJECT_CONVERSION = YES_AGGRESSIVE;
				CLANG_CXX_LANGUAGE_STANDARD = "gnu++14";
				CLANG_CXX_LIBRARY = "libc++";
				CLANG_ENABLE_MODULES = YES;
				CLANG_ENABLE_OBJC_ARC = YES;
				CLANG_ENABLE_OBJC_WEAK = YES;
				CLANG_WARN_BLOCK_CAPTURE_AUTORELEASING = YES;
				CLANG_WARN_BOOL_CONVERSION = YES;
				CLANG_WARN_COMMA = YES;
				CLANG_WARN_CONSTANT_CONVERSION = YES;
				CLANG_WARN_DEPRECATED_OBJC_IMPLEMENTATIONS = YES;
				CLANG_WARN_DIRECT_OBJC_ISA_USAGE = YES_ERROR;
				CLANG_WARN_DOCUMENTATION_COMMENTS = YES;
				CLANG_WARN_EMPTY_BODY = YES;
				CLANG_WARN_ENUM_CONVERSION = YES;
				CLANG_WARN_INFINITE_RECURSION = YES;
				CLANG_WARN_INT_CONVERSION = YES;
				CLANG_WARN_NON_LITERAL_NULL_CONVERSION = YES;
				CLANG_WARN_OBJC_IMPLICIT_RETAIN_SELF = YES;
				CLANG_WARN_OBJC_LITERAL_CONVERSION = YES;
				CLANG_WARN_OBJC_ROOT_CLASS = YES_ERROR;
				CLANG_WARN_QUOTED_INCLUDE_IN_FRAMEWORK_HEADER = YES;
				CLANG_WARN_RANGE_LOOP_ANALYSIS = YES;
				CLANG_WARN_STRICT_PROTOTYPES = YES;
				CLANG_WARN_SUSPICIOUS_MOVE = YES;
				CLANG_WARN_UNGUARDED_AVAILABILITY = YES_AGGRESSIVE;
				CLANG_WARN_UNREACHABLE_CODE = YES;
				CLANG_WARN__DUPLICATE_METHOD_MATCH = YES;
				CODE_SIGNING_ALLOWED = NO;
				CODE_SIGNING_REQUIRED = NO;
				CODE_SIGN_STYLE = Manual;
				COPY_PHASE_STRIP = NO;
				DEBUG_INFORMATION_FORMAT = dwarf;
				ENABLE_HARDENED_RUNTIME = YES;
				ENABLE_STRICT_OBJC_MSGSEND = YES;
				ENABLE_TESTABILITY = YES;
				GCC_C_LANGUAGE_STANDARD = gnu11;
				GCC_DYNAMIC_NO_PIC = NO;
				GCC_NO_COMMON_BLOCKS = YES;
				GCC_OPTIMIZATION_LEVEL = 0;
				GCC_PREPROCESSOR_DEFINITIONS = (
					"$(inherited)",
					"DEBUG=1",
				);
				GCC_WARN_64_TO_32_BIT_CONVERSION = YES;
				GCC_WARN_ABOUT_RETURN_TYPE = YES_ERROR;
				GCC_WARN_UNDECLARED_SELECTOR = YES;
				GCC_WARN_UNINITIALIZED_AUTOS = YES_AGGRESSIVE;
				GCC_WARN_UNUSED_FUNCTION = YES;
				GCC_WARN_UNUSED_VARIABLE = YES;
				MACOSX_DEPLOYMENT_TARGET = 15.0;
				MTL_ENABLE_DEBUG_INFO = INCLUDE_SOURCE;
				MTL_FAST_MATH = YES;
				ONLY_ACTIVE_ARCH = YES;
				OTHER_SWIFT_FLAGS = "-strict-concurrency=complete";
				PRODUCT_NAME = "$(TARGET_NAME)";
				SDKROOT = macosx;
				SWIFT_ACTIVE_COMPILATION_CONDITIONS = DEBUG;
				SWIFT_OPTIMIZATION_LEVEL = "-Onone";
				SWIFT_VERSION = 6.0;
			};
			name = Debug;
		};
		ECAB43E9AE0B6830F8D4C6BA /* Release */ = {
			isa = XCBuildConfiguration;
			buildSettings = {
				ALWAYS_SEARCH_USER_PATHS = NO;
				CLANG_ANALYZER_NONNULL = YES;
				CLANG_ANALYZER_NUMBER_OBJECT_CONVERSION = YES_AGGRESSIVE;
				CLANG_CXX_LANGUAGE_STANDARD = "gnu++14";
				CLANG_CXX_LIBRARY = "libc++";
				CLANG_ENABLE_MODULES = YES;
				CLANG_ENABLE_OBJC_ARC = YES;
				CLANG_ENABLE_OBJC_WEAK = YES;
				CLANG_WARN_BLOCK_CAPTURE_AUTORELEASING = YES;
				CLANG_WARN_BOOL_CONVERSION = YES;
				CLANG_WARN_COMMA = YES;
				CLANG_WARN_CONSTANT_CONVERSION = YES;
				CLANG_WARN_DEPRECATED_OBJC_IMPLEMENTATIONS = YES;
				CLANG_WARN_DIRECT_OBJC_ISA_USAGE = YES_ERROR;
				CLANG_WARN_DOCUMENTATION_COMMENTS = YES;
				CLANG_WARN_EMPTY_BODY = YES;
				CLANG_WARN_ENUM_CONVERSION = YES;
				CLANG_WARN_INFINITE_RECURSION = YES;
				CLANG_WARN_INT_CONVERSION = YES;
				CLANG_WARN_NON_LITERAL_NULL_CONVERSION = YES;
				CLANG_WARN_OBJC_IMPLICIT_RETAIN_SELF = YES;
				CLANG_WARN_OBJC_LITERAL_CONVERSION = YES;
				CLANG_WARN_OBJC_ROOT_CLASS = YES_ERROR;
				CLANG_WARN_QUOTED_INCLUDE_IN_FRAMEWORK_HEADER = YES;
				CLANG_WARN_RANGE_LOOP_ANALYSIS = YES;
				CLANG_WARN_STRICT_PROTOTYPES = YES;
				CLANG_WARN_SUSPICIOUS_MOVE = YES;
				CLANG_WARN_UNGUARDED_AVAILABILITY = YES_AGGRESSIVE;
				CLANG_WARN_UNREACHABLE_CODE = YES;
				CLANG_WARN__DUPLICATE_METHOD_MATCH = YES;
				CODE_SIGNING_ALLOWED = YES;
				CODE_SIGNING_REQUIRED = YES;
				CODE_SIGN_ENTITLEMENTS = Resources/Coucou.entitlements;
				CODE_SIGN_IDENTITY = "-";
				CODE_SIGN_STYLE = Manual;
				COPY_PHASE_STRIP = NO;
				DEBUG_INFORMATION_FORMAT = "dwarf-with-dsym";
				DEVELOPMENT_TEAM = "";
				ENABLE_HARDENED_RUNTIME = YES;
				ENABLE_NS_ASSERTIONS = NO;
				ENABLE_STRICT_OBJC_MSGSEND = YES;
				GCC_C_LANGUAGE_STANDARD = gnu11;
				GCC_NO_COMMON_BLOCKS = YES;
				GCC_WARN_64_TO_32_BIT_CONVERSION = YES;
				GCC_WARN_ABOUT_RETURN_TYPE = YES_ERROR;
				GCC_WARN_UNDECLARED_SELECTOR = YES;
				GCC_WARN_UNINITIALIZED_AUTOS = YES_AGGRESSIVE;
				GCC_WARN_UNUSED_FUNCTION = YES;
				GCC_WARN_UNUSED_VARIABLE = YES;
				MACOSX_DEPLOYMENT_TARGET = 15.0;
				MTL_ENABLE_DEBUG_INFO = NO;
				MTL_FAST_MATH = YES;
				OTHER_CODE_SIGN_FLAGS = "";
				OTHER_SWIFT_FLAGS = "-strict-concurrency=complete";
				PRODUCT_NAME = "$(TARGET_NAME)";
				SDKROOT = macosx;
				SWIFT_COMPILATION_MODE = wholemodule;
				SWIFT_OPTIMIZATION_LEVEL = "-O";
				SWIFT_VERSION = 6.0;
			};
			name = Release;
		};
/* End XCBuildConfiguration section */

/* Begin XCConfigurationList section */
		21BF9C617EC84EECBB6BC46D /* Build configuration list for PBXNativeTarget "CoucouAppStore" */ = {
			isa = XCConfigurationList;
			buildConfigurations = (
				B00AFE3DDD2B0870D9FC5B2A /* Debug */,
				898FDF7B8955E2C2214D7618 /* Release */,
			);
			defaultConfigurationIsVisible = 0;
			defaultConfigurationName = Debug;
		};
		2B80F5D9D7D10C755DEF1E61 /* Build configuration list for PBXProject "NotchBuddy" */ = {
			isa = XCConfigurationList;
			buildConfigurations = (
				CA9D2D4E8E2B8015D8EA90A2 /* Debug */,
				ECAB43E9AE0B6830F8D4C6BA /* Release */,
			);
			defaultConfigurationIsVisible = 0;
			defaultConfigurationName = Debug;
		};
		DFC46BE61950064F9ADCEFC3 /* Build configuration list for PBXNativeTarget "NotchBuddy" */ = {
			isa = XCConfigurationList;
			buildConfigurations = (
				601A86C280BDF7077864F3F0 /* Debug */,
				0C135EF4AD7F69AB24CA6CEF /* Release */,
			);
			defaultConfigurationIsVisible = 0;
			defaultConfigurationName = Debug;
		};
/* End XCConfigurationList section */
	};
	rootObject = ACF315E0C1F7FECADF1B4FBC /* Project object */;
}
